
Microsoft Visual Studio Solution File, Format Version 12.00
# Visual Studio Version 17
VisualStudioVersion = 17.3.32804.467
MinimumVisualStudioVersion = 10.0.40219.1
Project("{FAE04EC0-301F-11D3-BF4B-00C04F79EFBC}") = "ImageControlSourceSample", "ImageControlSourceSample\ImageControlSourceSample.csproj", "{0F43A518-CA77-48F0-A23F-60FE5375002F}"
EndProject
Global
	GlobalSection(SolutionConfigurationPlatforms) = preSolution
		Debug|Any CPU = Debug|Any CPU
		Release|Any CPU = Release|Any CPU
	EndGlobalSection
	GlobalSection(ProjectConfigurationPlatforms) = postSolution
		{0F43A518-CA77-48F0-A23F-60FE5375002F}.Debug|Any CPU.ActiveCfg = Debug|Any CPU
		{0F43A518-CA77-48F0-A23F-60FE5375002F}.Debug|Any CPU.Build.0 = Debug|Any CPU
		{0F43A518-CA77-48F0-A23F-60FE5375002F}.Release|Any CPU.ActiveCfg = Release|Any CPU
		{0F43A518-CA77-48F0-A23F-60FE5375002F}.Release|Any CPU.Build.0 = Release|Any CPU
	EndGlobalSection
	GlobalSection(SolutionProperties) = preSolution
		HideSolutionNode = FALSE
	EndGlobalSection
	GlobalSection(ExtensibilityGlobals) = postSolution
		SolutionGuid = {792B6AD6-A159-4F29-9BA0-4CA65963774B}
	EndGlobalSection
EndGlobal
