
Microsoft Visual Studio Solution File, Format Version 12.00
# Visual Studio Version 17
VisualStudioVersion = 17.3.32804.467
MinimumVisualStudioVersion = 10.0.40219.1
Project("{FAE04EC0-301F-11D3-BF4B-00C04F79EFBC}") = "AccessKeysSample", "AccessKeysSample\AccessKeysSample.csproj", "{D76017FE-1020-480D-B2D0-A2E4A404C827}"
EndProject
Global
	GlobalSection(SolutionConfigurationPlatforms) = preSolution
		Debug|Any CPU = Debug|Any CPU
		Release|Any CPU = Release|Any CPU
	EndGlobalSection
	GlobalSection(ProjectConfigurationPlatforms) = postSolution
		{D76017FE-1020-480D-B2D0-A2E4A404C827}.Debug|Any CPU.ActiveCfg = Debug|Any CPU
		{D76017FE-1020-480D-B2D0-A2E4A404C827}.Debug|Any CPU.Build.0 = Debug|Any CPU
		{D76017FE-1020-480D-B2D0-A2E4A404C827}.Release|Any CPU.ActiveCfg = Release|Any CPU
		{D76017FE-1020-480D-B2D0-A2E4A404C827}.Release|Any CPU.Build.0 = Release|Any CPU
	EndGlobalSection
	GlobalSection(SolutionProperties) = preSolution
		HideSolutionNode = FALSE
	EndGlobalSection
	GlobalSection(ExtensibilityGlobals) = postSolution
		SolutionGuid = {3131F039-9903-41D3-B7E8-1502D6D7125A}
	EndGlobalSection
EndGlobal
