
Microsoft Visual Studio Solution File, Format Version 12.00
# Visual Studio Version 17
VisualStudioVersion = 17.3.32901.215
MinimumVisualStudioVersion = 10.0.40219.1
Project("{FAE04EC0-301F-11D3-BF4B-00C04F79EFBC}") = "ListViewGroupSample", "ListViewGroupSample\ListViewGroupSample.csproj", "{6CB513FF-D1FE-4342-A5C1-E762A101401E}"
EndProject
Global
	GlobalSection(SolutionConfigurationPlatforms) = preSolution
		Debug|Any CPU = Debug|Any CPU
		Release|Any CPU = Release|Any CPU
	EndGlobalSection
	GlobalSection(ProjectConfigurationPlatforms) = postSolution
		{6CB513FF-D1FE-4342-A5C1-E762A101401E}.Debug|Any CPU.ActiveCfg = Debug|Any CPU
		{6CB513FF-D1FE-4342-A5C1-E762A101401E}.Debug|Any CPU.Build.0 = Debug|Any CPU
		{6CB513FF-D1FE-4342-A5C1-E762A101401E}.Release|Any CPU.ActiveCfg = Release|Any CPU
		{6CB513FF-D1FE-4342-A5C1-E762A101401E}.Release|Any CPU.Build.0 = Release|Any CPU
	EndGlobalSection
	GlobalSection(SolutionProperties) = preSolution
		HideSolutionNode = FALSE
	EndGlobalSection
	GlobalSection(ExtensibilityGlobals) = postSolution
		SolutionGuid = {35A70684-E5B0-45E1-A1BE-67506946264D}
	EndGlobalSection
EndGlobal
