
Microsoft Visual Studio Solution File, Format Version 12.00
# Visual Studio Version 17
VisualStudioVersion = 17.3.32819.101
MinimumVisualStudioVersion = 10.0.40219.1
Project("{FAE04EC0-301F-11D3-BF4B-00C04F79EFBC}") = "ConverterSample", "ConverterSample\ConverterSample.csproj", "{DE3929D8-0E16-42AD-90B5-AC53C62A2465}"
EndProject
Global
	GlobalSection(SolutionConfigurationPlatforms) = preSolution
		Debug|Any CPU = Debug|Any CPU
		Release|Any CPU = Release|Any CPU
	EndGlobalSection
	GlobalSection(ProjectConfigurationPlatforms) = postSolution
		{DE3929D8-0E16-42AD-90B5-AC53C62A2465}.Debug|Any CPU.ActiveCfg = Debug|Any CPU
		{DE3929D8-0E16-42AD-90B5-AC53C62A2465}.Debug|Any CPU.Build.0 = Debug|Any CPU
		{DE3929D8-0E16-42AD-90B5-AC53C62A2465}.Release|Any CPU.ActiveCfg = Release|Any CPU
		{DE3929D8-0E16-42AD-90B5-AC53C62A2465}.Release|Any CPU.Build.0 = Release|Any CPU
	EndGlobalSection
	GlobalSection(SolutionProperties) = preSolution
		HideSolutionNode = FALSE
	EndGlobalSection
	GlobalSection(ExtensibilityGlobals) = postSolution
		SolutionGuid = {8A42FADF-0B83-4AE9-8FF5-53383A179207}
	EndGlobalSection
EndGlobal
