
Microsoft Visual Studio Solution File, Format Version 12.00
# Visual Studio Version 17
VisualStudioVersion = 17.3.32901.215
MinimumVisualStudioVersion = 10.0.40219.1
Project("{FAE04EC0-301F-11D3-BF4B-00C04F79EFBC}") = "DatePickerSample", "DatePickerSample\DatePickerSample.csproj", "{DBF4B4AF-7A50-4CC8-AC2F-DE3A779420A2}"
EndProject
Global
	GlobalSection(SolutionConfigurationPlatforms) = preSolution
		Debug|Any CPU = Debug|Any CPU
		Release|Any CPU = Release|Any CPU
	EndGlobalSection
	GlobalSection(ProjectConfigurationPlatforms) = postSolution
		{DBF4B4AF-7A50-4CC8-AC2F-DE3A779420A2}.Debug|Any CPU.ActiveCfg = Debug|Any CPU
		{DBF4B4AF-7A50-4CC8-AC2F-DE3A779420A2}.Debug|Any CPU.Build.0 = Debug|Any CPU
		{DBF4B4AF-7A50-4CC8-AC2F-DE3A779420A2}.Release|Any CPU.ActiveCfg = Release|Any CPU
		{DBF4B4AF-7A50-4CC8-AC2F-DE3A779420A2}.Release|Any CPU.Build.0 = Release|Any CPU
	EndGlobalSection
	GlobalSection(SolutionProperties) = preSolution
		HideSolutionNode = FALSE
	EndGlobalSection
	GlobalSection(ExtensibilityGlobals) = postSolution
		SolutionGuid = {1077E433-168F-4B38-A1D0-B62E3A60B978}
	EndGlobalSection
EndGlobal
