
Microsoft Visual Studio Solution File, Format Version 12.00
# Visual Studio Version 17
VisualStudioVersion = 17.3.32901.215
MinimumVisualStudioVersion = 10.0.40219.1
Project("{FAE04EC0-301F-11D3-BF4B-00C04F79EFBC}") = "CalendarControl", "CalendarControl\CalendarControl.csproj", "{100D98C8-5950-4AB5-8240-3FE8C097928D}"
EndProject
Global
	GlobalSection(SolutionConfigurationPlatforms) = preSolution
		Debug|Any CPU = Debug|Any CPU
		Release|Any CPU = Release|Any CPU
	EndGlobalSection
	GlobalSection(ProjectConfigurationPlatforms) = postSolution
		{100D98C8-5950-4AB5-8240-3FE8C097928D}.Debug|Any CPU.ActiveCfg = Debug|Any CPU
		{100D98C8-5950-4AB5-8240-3FE8C097928D}.Debug|Any CPU.Build.0 = Debug|Any CPU
		{100D98C8-5950-4AB5-8240-3FE8C097928D}.Release|Any CPU.ActiveCfg = Release|Any CPU
		{100D98C8-5950-4AB5-8240-3FE8C097928D}.Release|Any CPU.Build.0 = Release|Any CPU
	EndGlobalSection
	GlobalSection(SolutionProperties) = preSolution
		HideSolutionNode = FALSE
	EndGlobalSection
	GlobalSection(ExtensibilityGlobals) = postSolution
		SolutionGuid = {2FE49089-8346-468A-B1A1-64C84ED7BEC6}
	EndGlobalSection
EndGlobal
