
Microsoft Visual Studio Solution File, Format Version 12.00
# Visual Studio Version 17
VisualStudioVersion = 17.3.32804.467
MinimumVisualStudioVersion = 10.0.40219.1
Project("{FAE04EC0-301F-11D3-BF4B-00C04F79EFBC}") = "GridColRowSpanAdvanced", "GridColRowSpanAdvanced\GridColRowSpanAdvanced.csproj", "{C34293BA-8219-4740-A922-D70BD8B61E22}"
EndProject
Global
	GlobalSection(SolutionConfigurationPlatforms) = preSolution
		Debug|Any CPU = Debug|Any CPU
		Release|Any CPU = Release|Any CPU
	EndGlobalSection
	GlobalSection(ProjectConfigurationPlatforms) = postSolution
		{C34293BA-8219-4740-A922-D70BD8B61E22}.Debug|Any CPU.ActiveCfg = Debug|Any CPU
		{C34293BA-8219-4740-A922-D70BD8B61E22}.Debug|Any CPU.Build.0 = Debug|Any CPU
		{C34293BA-8219-4740-A922-D70BD8B61E22}.Release|Any CPU.ActiveCfg = Release|Any CPU
		{C34293BA-8219-4740-A922-D70BD8B61E22}.Release|Any CPU.Build.0 = Release|Any CPU
	EndGlobalSection
	GlobalSection(SolutionProperties) = preSolution
		HideSolutionNode = FALSE
	EndGlobalSection
	GlobalSection(ExtensibilityGlobals) = postSolution
		SolutionGuid = {7AB83351-CFF2-4148-8003-5606F425BE13}
	EndGlobalSection
EndGlobal
