
Microsoft Visual Studio Solution File, Format Version 12.00
# Visual Studio Version 17
VisualStudioVersion = 17.3.32922.545
MinimumVisualStudioVersion = 10.0.40219.1
Project("{FAE04EC0-301F-11D3-BF4B-00C04F79EFBC}") = "SimpleDataGridSample", "SimpleDataGridSample\SimpleDataGridSample.csproj", "{C0002C5A-245F-407F-9C2C-737F8E78779A}"
EndProject
Global
	GlobalSection(SolutionConfigurationPlatforms) = preSolution
		Debug|Any CPU = Debug|Any CPU
		Release|Any CPU = Release|Any CPU
	EndGlobalSection
	GlobalSection(ProjectConfigurationPlatforms) = postSolution
		{C0002C5A-245F-407F-9C2C-737F8E78779A}.Debug|Any CPU.ActiveCfg = Debug|Any CPU
		{C0002C5A-245F-407F-9C2C-737F8E78779A}.Debug|Any CPU.Build.0 = Debug|Any CPU
		{C0002C5A-245F-407F-9C2C-737F8E78779A}.Release|Any CPU.ActiveCfg = Release|Any CPU
		{C0002C5A-245F-407F-9C2C-737F8E78779A}.Release|Any CPU.Build.0 = Release|Any CPU
	EndGlobalSection
	GlobalSection(SolutionProperties) = preSolution
		HideSolutionNode = FALSE
	EndGlobalSection
	GlobalSection(ExtensibilityGlobals) = postSolution
		SolutionGuid = {BB9E7F51-6CA0-4C0F-AA0C-EC446230D743}
	EndGlobalSection
EndGlobal
