
Microsoft Visual Studio Solution File, Format Version 12.00
# Visual Studio Version 17
VisualStudioVersion = 17.3.32804.467
MinimumVisualStudioVersion = 10.0.40219.1
Project("{FAE04EC0-301F-11D3-BF4B-00C04F79EFBC}") = "TextBlockSpanSample", "TextBlockSpanSample\TextBlockSpanSample.csproj", "{F203EFC8-E5AA-45C4-A745-91E652B1BD6B}"
EndProject
Global
	GlobalSection(SolutionConfigurationPlatforms) = preSolution
		Debug|Any CPU = Debug|Any CPU
		Release|Any CPU = Release|Any CPU
	EndGlobalSection
	GlobalSection(ProjectConfigurationPlatforms) = postSolution
		{F203EFC8-E5AA-45C4-A745-91E652B1BD6B}.Debug|Any CPU.ActiveCfg = Debug|Any CPU
		{F203EFC8-E5AA-45C4-A745-91E652B1BD6B}.Debug|Any CPU.Build.0 = Debug|Any CPU
		{F203EFC8-E5AA-45C4-A745-91E652B1BD6B}.Release|Any CPU.ActiveCfg = Release|Any CPU
		{F203EFC8-E5AA-45C4-A745-91E652B1BD6B}.Release|Any CPU.Build.0 = Release|Any CPU
	EndGlobalSection
	GlobalSection(SolutionProperties) = preSolution
		HideSolutionNode = FALSE
	EndGlobalSection
	GlobalSection(ExtensibilityGlobals) = postSolution
		SolutionGuid = {6C070E0E-B5E3-4F24-B122-C7CBE7F4C246}
	EndGlobalSection
EndGlobal
