
Microsoft Visual Studio Solution File, Format Version 12.00
# Visual Studio Version 17
VisualStudioVersion = 17.3.32804.467
MinimumVisualStudioVersion = 10.0.40219.1
Project("{FAE04EC0-301F-11D3-BF4B-00C04F79EFBC}") = "StackPanel", "StackPanel\StackPanel.csproj", "{B78E0344-D1A1-49FE-A31A-039CE1384E98}"
EndProject
Global
	GlobalSection(SolutionConfigurationPlatforms) = preSolution
		Debug|Any CPU = Debug|Any CPU
		Release|Any CPU = Release|Any CPU
	EndGlobalSection
	GlobalSection(ProjectConfigurationPlatforms) = postSolution
		{B78E0344-D1A1-49FE-A31A-039CE1384E98}.Debug|Any CPU.ActiveCfg = Debug|Any CPU
		{B78E0344-D1A1-49FE-A31A-039CE1384E98}.Debug|Any CPU.Build.0 = Debug|Any CPU
		{B78E0344-D1A1-49FE-A31A-039CE1384E98}.Release|Any CPU.ActiveCfg = Release|Any CPU
		{B78E0344-D1A1-49FE-A31A-039CE1384E98}.Release|Any CPU.Build.0 = Release|Any CPU
	EndGlobalSection
	GlobalSection(SolutionProperties) = preSolution
		HideSolutionNode = FALSE
	EndGlobalSection
	GlobalSection(ExtensibilityGlobals) = postSolution
		SolutionGuid = {1DA87665-7EB1-4E30-8CF9-B0CC26B4F476}
	EndGlobalSection
EndGlobal
