
Microsoft Visual Studio Solution File, Format Version 12.00
# Visual Studio Version 17
VisualStudioVersion = 17.3.32804.467
MinimumVisualStudioVersion = 10.0.40219.1
Project("{FAE04EC0-301F-11D3-BF4B-00C04F79EFBC}") = "GridContactFormTake2", "GridContactFormTake2\GridContactFormTake2.csproj", "{83F87E22-54BF-4751-A970-1A4AEDCA92F1}"
EndProject
Global
	GlobalSection(SolutionConfigurationPlatforms) = preSolution
		Debug|Any CPU = Debug|Any CPU
		Release|Any CPU = Release|Any CPU
	EndGlobalSection
	GlobalSection(ProjectConfigurationPlatforms) = postSolution
		{83F87E22-54BF-4751-A970-1A4AEDCA92F1}.Debug|Any CPU.ActiveCfg = Debug|Any CPU
		{83F87E22-54BF-4751-A970-1A4AEDCA92F1}.Debug|Any CPU.Build.0 = Debug|Any CPU
		{83F87E22-54BF-4751-A970-1A4AEDCA92F1}.Release|Any CPU.ActiveCfg = Release|Any CPU
		{83F87E22-54BF-4751-A970-1A4AEDCA92F1}.Release|Any CPU.Build.0 = Release|Any CPU
	EndGlobalSection
	GlobalSection(SolutionProperties) = preSolution
		HideSolutionNode = FALSE
	EndGlobalSection
	GlobalSection(ExtensibilityGlobals) = postSolution
		SolutionGuid = {7CF4DC04-E961-4958-88AB-0EC2692C0F23}
	EndGlobalSection
EndGlobal
