
Microsoft Visual Studio Solution File, Format Version 12.00
# Visual Studio Version 17
VisualStudioVersion = 17.3.32825.248
MinimumVisualStudioVersion = 10.0.40219.1
Project("{FAE04EC0-301F-11D3-BF4B-00C04F79EFBC}") = "RichTextBox", "RichTextBox\RichTextBox.csproj", "{3CAFB26B-CC3D-488F-AF0F-73D6E956B7C0}"
EndProject
Global
	GlobalSection(SolutionConfigurationPlatforms) = preSolution
		Debug|Any CPU = Debug|Any CPU
		Release|Any CPU = Release|Any CPU
	EndGlobalSection
	GlobalSection(ProjectConfigurationPlatforms) = postSolution
		{3CAFB26B-CC3D-488F-AF0F-73D6E956B7C0}.Debug|Any CPU.ActiveCfg = Debug|Any CPU
		{3CAFB26B-CC3D-488F-AF0F-73D6E956B7C0}.Debug|Any CPU.Build.0 = Debug|Any CPU
		{3CAFB26B-CC3D-488F-AF0F-73D6E956B7C0}.Release|Any CPU.ActiveCfg = Release|Any CPU
		{3CAFB26B-CC3D-488F-AF0F-73D6E956B7C0}.Release|Any CPU.Build.0 = Release|Any CPU
	EndGlobalSection
	GlobalSection(SolutionProperties) = preSolution
		HideSolutionNode = FALSE
	EndGlobalSection
	GlobalSection(ExtensibilityGlobals) = postSolution
		SolutionGuid = {64D31C92-36AE-4C94-B773-623FB3CD12E7}
	EndGlobalSection
EndGlobal
