
Microsoft Visual Studio Solution File, Format Version 12.00
# Visual Studio Version 17
VisualStudioVersion = 17.3.32901.215
MinimumVisualStudioVersion = 10.0.40219.1
Project("{FAE04EC0-301F-11D3-BF4B-00C04F79EFBC}") = "TreeViewDataBinding", "TreeViewDataBinding\TreeViewDataBinding.csproj", "{76065211-F7BF-47DA-8C5D-AF31C18A4E31}"
EndProject
Global
	GlobalSection(SolutionConfigurationPlatforms) = preSolution
		Debug|Any CPU = Debug|Any CPU
		Release|Any CPU = Release|Any CPU
	EndGlobalSection
	GlobalSection(ProjectConfigurationPlatforms) = postSolution
		{76065211-F7BF-47DA-8C5D-AF31C18A4E31}.Debug|Any CPU.ActiveCfg = Debug|Any CPU
		{76065211-F7BF-47DA-8C5D-AF31C18A4E31}.Debug|Any CPU.Build.0 = Debug|Any CPU
		{76065211-F7BF-47DA-8C5D-AF31C18A4E31}.Release|Any CPU.ActiveCfg = Release|Any CPU
		{76065211-F7BF-47DA-8C5D-AF31C18A4E31}.Release|Any CPU.Build.0 = Release|Any CPU
	EndGlobalSection
	GlobalSection(SolutionProperties) = preSolution
		HideSolutionNode = FALSE
	EndGlobalSection
	GlobalSection(ExtensibilityGlobals) = postSolution
		SolutionGuid = {5F6FFD61-A6F1-498D-9361-EDBC79E54940}
	EndGlobalSection
EndGlobal
