
Microsoft Visual Studio Solution File, Format Version 12.00
# Visual Studio Version 17
VisualStudioVersion = 17.3.32901.215
MinimumVisualStudioVersion = 10.0.40219.1
Project("{FAE04EC0-301F-11D3-BF4B-00C04F79EFBC}") = "ListBox", "ListBox\ListBox.csproj", "{D76DA82F-57C7-4C05-81C7-4FAB51E3842A}"
EndProject
Global
	GlobalSection(SolutionConfigurationPlatforms) = preSolution
		Debug|Any CPU = Debug|Any CPU
		Release|Any CPU = Release|Any CPU
	EndGlobalSection
	GlobalSection(ProjectConfigurationPlatforms) = postSolution
		{D76DA82F-57C7-4C05-81C7-4FAB51E3842A}.Debug|Any CPU.ActiveCfg = Debug|Any CPU
		{D76DA82F-57C7-4C05-81C7-4FAB51E3842A}.Debug|Any CPU.Build.0 = Debug|Any CPU
		{D76DA82F-57C7-4C05-81C7-4FAB51E3842A}.Release|Any CPU.ActiveCfg = Release|Any CPU
		{D76DA82F-57C7-4C05-81C7-4FAB51E3842A}.Release|Any CPU.Build.0 = Release|Any CPU
	EndGlobalSection
	GlobalSection(SolutionProperties) = preSolution
		HideSolutionNode = FALSE
	EndGlobalSection
	GlobalSection(ExtensibilityGlobals) = postSolution
		SolutionGuid = {D05E508D-9CF2-4BD9-A3BB-A7F0A8667DD6}
	EndGlobalSection
EndGlobal
