
Microsoft Visual Studio Solution File, Format Version 12.00
# Visual Studio Version 17
VisualStudioVersion = 17.3.32922.545
MinimumVisualStudioVersion = 10.0.40219.1
Project("{FAE04EC0-301F-11D3-BF4B-00C04F79EFBC}") = "ExplicitStyleSample", "ExplicitStyleSample\ExplicitStyleSample.csproj", "{FCB7ADAD-7A33-47DE-BB31-1917729C1DC9}"
EndProject
Global
	GlobalSection(SolutionConfigurationPlatforms) = preSolution
		Debug|Any CPU = Debug|Any CPU
		Release|Any CPU = Release|Any CPU
	EndGlobalSection
	GlobalSection(ProjectConfigurationPlatforms) = postSolution
		{FCB7ADAD-7A33-47DE-BB31-1917729C1DC9}.Debug|Any CPU.ActiveCfg = Debug|Any CPU
		{FCB7ADAD-7A33-47DE-BB31-1917729C1DC9}.Debug|Any CPU.Build.0 = Debug|Any CPU
		{FCB7ADAD-7A33-47DE-BB31-1917729C1DC9}.Release|Any CPU.ActiveCfg = Release|Any CPU
		{FCB7ADAD-7A33-47DE-BB31-1917729C1DC9}.Release|Any CPU.Build.0 = Release|Any CPU
	EndGlobalSection
	GlobalSection(SolutionProperties) = preSolution
		HideSolutionNode = FALSE
	EndGlobalSection
	GlobalSection(ExtensibilityGlobals) = postSolution
		SolutionGuid = {AFABDA7E-14E2-4918-9210-650844AFDF91}
	EndGlobalSection
EndGlobal
