
Microsoft Visual Studio Solution File, Format Version 12.00
# Visual Studio Version 17
VisualStudioVersion = 17.3.32819.101
MinimumVisualStudioVersion = 10.0.40219.1
Project("{FAE04EC0-301F-11D3-BF4B-00C04F79EFBC}") = "MenuWithCommandSample", "MenuWithCommandSample\MenuWithCommandSample.csproj", "{811FA730-8E15-4184-B95C-C2E829FA9231}"
EndProject
Global
	GlobalSection(SolutionConfigurationPlatforms) = preSolution
		Debug|Any CPU = Debug|Any CPU
		Release|Any CPU = Release|Any CPU
	EndGlobalSection
	GlobalSection(ProjectConfigurationPlatforms) = postSolution
		{811FA730-8E15-4184-B95C-C2E829FA9231}.Debug|Any CPU.ActiveCfg = Debug|Any CPU
		{811FA730-8E15-4184-B95C-C2E829FA9231}.Debug|Any CPU.Build.0 = Debug|Any CPU
		{811FA730-8E15-4184-B95C-C2E829FA9231}.Release|Any CPU.ActiveCfg = Release|Any CPU
		{811FA730-8E15-4184-B95C-C2E829FA9231}.Release|Any CPU.Build.0 = Release|Any CPU
	EndGlobalSection
	GlobalSection(SolutionProperties) = preSolution
		HideSolutionNode = FALSE
	EndGlobalSection
	GlobalSection(ExtensibilityGlobals) = postSolution
		SolutionGuid = {BDF54806-AA55-448B-906E-AD2DA966C693}
	EndGlobalSection
EndGlobal
