
Microsoft Visual Studio Solution File, Format Version 12.00
# Visual Studio Version 17
VisualStudioVersion = 17.3.32901.215
MinimumVisualStudioVersion = 10.0.40219.1
Project("{FAE04EC0-301F-11D3-BF4B-00C04F79EFBC}") = "GroupBox", "GroupBox\GroupBox.csproj", "{CEC026B6-87EC-4B19-A40E-913B08A16481}"
EndProject
Global
	GlobalSection(SolutionConfigurationPlatforms) = preSolution
		Debug|Any CPU = Debug|Any CPU
		Release|Any CPU = Release|Any CPU
	EndGlobalSection
	GlobalSection(ProjectConfigurationPlatforms) = postSolution
		{CEC026B6-87EC-4B19-A40E-913B08A16481}.Debug|Any CPU.ActiveCfg = Debug|Any CPU
		{CEC026B6-87EC-4B19-A40E-913B08A16481}.Debug|Any CPU.Build.0 = Debug|Any CPU
		{CEC026B6-87EC-4B19-A40E-913B08A16481}.Release|Any CPU.ActiveCfg = Release|Any CPU
		{CEC026B6-87EC-4B19-A40E-913B08A16481}.Release|Any CPU.Build.0 = Release|Any CPU
	EndGlobalSection
	GlobalSection(SolutionProperties) = preSolution
		HideSolutionNode = FALSE
	EndGlobalSection
	GlobalSection(ExtensibilityGlobals) = postSolution
		SolutionGuid = {812317A2-B3B8-418A-982A-31403D5E3CC2}
	EndGlobalSection
EndGlobal
