
Microsoft Visual Studio Solution File, Format Version 12.00
# Visual Studio Version 17
VisualStudioVersion = 17.3.32819.101
MinimumVisualStudioVersion = 10.0.40219.1
Project("{FAE04EC0-301F-11D3-BF4B-00C04F79EFBC}") = "SaveFileDialogSample", "SaveFileDialogSample\SaveFileDialogSample.csproj", "{A90118DB-711A-46B6-BFE3-8605DE14344E}"
EndProject
Global
	GlobalSection(SolutionConfigurationPlatforms) = preSolution
		Debug|Any CPU = Debug|Any CPU
		Release|Any CPU = Release|Any CPU
	EndGlobalSection
	GlobalSection(ProjectConfigurationPlatforms) = postSolution
		{A90118DB-711A-46B6-BFE3-8605DE14344E}.Debug|Any CPU.ActiveCfg = Debug|Any CPU
		{A90118DB-711A-46B6-BFE3-8605DE14344E}.Debug|Any CPU.Build.0 = Debug|Any CPU
		{A90118DB-711A-46B6-BFE3-8605DE14344E}.Release|Any CPU.ActiveCfg = Release|Any CPU
		{A90118DB-711A-46B6-BFE3-8605DE14344E}.Release|Any CPU.Build.0 = Release|Any CPU
	EndGlobalSection
	GlobalSection(SolutionProperties) = preSolution
		HideSolutionNode = FALSE
	EndGlobalSection
	GlobalSection(ExtensibilityGlobals) = postSolution
		SolutionGuid = {B02E20EC-9838-4105-9055-6BF3CAC542D9}
	EndGlobalSection
EndGlobal
