
Microsoft Visual Studio Solution File, Format Version 12.00
# Visual Studio Version 17
VisualStudioVersion = 17.3.32819.101
MinimumVisualStudioVersion = 10.0.40219.1
Project("{FAE04EC0-301F-11D3-BF4B-00C04F79EFBC}") = "HelloBoundWorld", "HelloBoundWorld\HelloBoundWorld.csproj", "{C1A71814-41CD-4815-969D-CC2A941EEFE3}"
EndProject
Global
	GlobalSection(SolutionConfigurationPlatforms) = preSolution
		Debug|Any CPU = Debug|Any CPU
		Release|Any CPU = Release|Any CPU
	EndGlobalSection
	GlobalSection(ProjectConfigurationPlatforms) = postSolution
		{C1A71814-41CD-4815-969D-CC2A941EEFE3}.Debug|Any CPU.ActiveCfg = Debug|Any CPU
		{C1A71814-41CD-4815-969D-CC2A941EEFE3}.Debug|Any CPU.Build.0 = Debug|Any CPU
		{C1A71814-41CD-4815-969D-CC2A941EEFE3}.Release|Any CPU.ActiveCfg = Release|Any CPU
		{C1A71814-41CD-4815-969D-CC2A941EEFE3}.Release|Any CPU.Build.0 = Release|Any CPU
	EndGlobalSection
	GlobalSection(SolutionProperties) = preSolution
		HideSolutionNode = FALSE
	EndGlobalSection
	GlobalSection(ExtensibilityGlobals) = postSolution
		SolutionGuid = {840DB39B-0676-4772-AFAB-4C43E761DF42}
	EndGlobalSection
EndGlobal
