
Microsoft Visual Studio Solution File, Format Version 12.00
# Visual Studio Version 17
VisualStudioVersion = 17.3.32819.101
MinimumVisualStudioVersion = 10.0.40219.1
Project("{FAE04EC0-301F-11D3-BF4B-00C04F79EFBC}") = "OpenFileDialogMultipleFilesSample", "OpenFileDialogMultipleFilesSample\OpenFileDialogMultipleFilesSample.csproj", "{C7245472-C2C2-4607-AD98-383341C25B0D}"
EndProject
Global
	GlobalSection(SolutionConfigurationPlatforms) = preSolution
		Debug|Any CPU = Debug|Any CPU
		Release|Any CPU = Release|Any CPU
	EndGlobalSection
	GlobalSection(ProjectConfigurationPlatforms) = postSolution
		{C7245472-C2C2-4607-AD98-383341C25B0D}.Debug|Any CPU.ActiveCfg = Debug|Any CPU
		{C7245472-C2C2-4607-AD98-383341C25B0D}.Debug|Any CPU.Build.0 = Debug|Any CPU
		{C7245472-C2C2-4607-AD98-383341C25B0D}.Release|Any CPU.ActiveCfg = Release|Any CPU
		{C7245472-C2C2-4607-AD98-383341C25B0D}.Release|Any CPU.Build.0 = Release|Any CPU
	EndGlobalSection
	GlobalSection(SolutionProperties) = preSolution
		HideSolutionNode = FALSE
	EndGlobalSection
	GlobalSection(ExtensibilityGlobals) = postSolution
		SolutionGuid = {58BED680-4736-41C2-8CC5-2AC92E66361D}
	EndGlobalSection
EndGlobal
