
Microsoft Visual Studio Solution File, Format Version 12.00
# Visual Studio Version 17
VisualStudioVersion = 17.3.32819.101
MinimumVisualStudioVersion = 10.0.40219.1
Project("{FAE04EC0-301F-11D3-BF4B-00C04F79EFBC}") = "MessageBoxSample", "MessageBoxSample\MessageBoxSample.csproj", "{9BEA3C1F-08A5-417E-84D3-88812C8C2695}"
EndProject
Global
	GlobalSection(SolutionConfigurationPlatforms) = preSolution
		Debug|Any CPU = Debug|Any CPU
		Release|Any CPU = Release|Any CPU
	EndGlobalSection
	GlobalSection(ProjectConfigurationPlatforms) = postSolution
		{9BEA3C1F-08A5-417E-84D3-88812C8C2695}.Debug|Any CPU.ActiveCfg = Debug|Any CPU
		{9BEA3C1F-08A5-417E-84D3-88812C8C2695}.Debug|Any CPU.Build.0 = Debug|Any CPU
		{9BEA3C1F-08A5-417E-84D3-88812C8C2695}.Release|Any CPU.ActiveCfg = Release|Any CPU
		{9BEA3C1F-08A5-417E-84D3-88812C8C2695}.Release|Any CPU.Build.0 = Release|Any CPU
	EndGlobalSection
	GlobalSection(SolutionProperties) = preSolution
		HideSolutionNode = FALSE
	EndGlobalSection
	GlobalSection(ExtensibilityGlobals) = postSolution
		SolutionGuid = {F17B92BD-4EB0-419B-9088-99EC70F9755A}
	EndGlobalSection
EndGlobal
